
Microsoft Visual Studio Solution File, Format Version 12.00
# Visual Studio 15
VisualStudioVersion = 15.0.27703.2035
MinimumVisualStudioVersion = 10.0.40219.1
Project("{FAE04EC0-301F-11D3-BF4B-00C04F79EFBC}") = "BinaryTree", "BinaryTree\BinaryTree.csproj", "{F3226FD4-FDD0-46C0-B9E8-1A4D351A8026}"
EndProject
Global
	GlobalSection(SolutionConfigurationPlatforms) = preSolution
		Debug|Any CPU = Debug|Any CPU
		Release|Any CPU = Release|Any CPU
	EndGlobalSection
	GlobalSection(ProjectConfigurationPlatforms) = postSolution
		{F3226FD4-FDD0-46C0-B9E8-1A4D351A8026}.Debug|Any CPU.ActiveCfg = Debug|Any CPU
		{F3226FD4-FDD0-46C0-B9E8-1A4D351A8026}.Debug|Any CPU.Build.0 = Debug|Any CPU
		{F3226FD4-FDD0-46C0-B9E8-1A4D351A8026}.Release|Any CPU.ActiveCfg = Release|Any CPU
		{F3226FD4-FDD0-46C0-B9E8-1A4D351A8026}.Release|Any CPU.Build.0 = Release|Any CPU
	EndGlobalSection
	GlobalSection(SolutionProperties) = preSolution
		HideSolutionNode = FALSE
	EndGlobalSection
	GlobalSection(ExtensibilityGlobals) = postSolution
		SolutionGuid = {FBC1B0F9-33D1-4E39-A28B-4F080E122D12}
	EndGlobalSection
EndGlobal
